
Microsoft Visual Studio Solution File, Format Version 12.00
# Visual Studio 14
VisualStudioVersion = 14.0.25420.1
MinimumVisualStudioVersion = 10.0.40219.1
Project("{FAE04EC0-301F-11D3-BF4B-00C04F79EFBC}") = "Demo_CSharp_64", "Demo_CSharp_64\Demo_CSharp_64.csproj", "{BD8F6832-B124-4035-A06F-01557CF3D00A}"
EndProject
Global
	GlobalSection(SolutionConfigurationPlatforms) = preSolution
		Debug|Any CPU = Debug|Any CPU
		Release|Any CPU = Release|Any CPU
	EndGlobalSection
	GlobalSection(ProjectConfigurationPlatforms) = postSolution
		{BD8F6832-B124-4035-A06F-01557CF3D00A}.Debug|Any CPU.ActiveCfg = Debug|Any CPU
		{BD8F6832-B124-4035-A06F-01557CF3D00A}.Debug|Any CPU.Build.0 = Debug|Any CPU
		{BD8F6832-B124-4035-A06F-01557CF3D00A}.Release|Any CPU.ActiveCfg = Release|Any CPU
		{BD8F6832-B124-4035-A06F-01557CF3D00A}.Release|Any CPU.Build.0 = Release|Any CPU
	EndGlobalSection
	GlobalSection(SolutionProperties) = preSolution
		HideSolutionNode = FALSE
	EndGlobalSection
EndGlobal
