
Microsoft Visual Studio Solution File, Format Version 12.00
# Visual Studio 14
VisualStudioVersion = 14.0.25420.1
MinimumVisualStudioVersion = 10.0.40219.1
Project("{FAE04EC0-301F-11D3-BF4B-00C04F79EFBC}") = "ClaseNet_08", "ClaseNet_08\ClaseNet_08.csproj", "{FDD2BDA2-402D-43DB-98C4-7357C6470D16}"
EndProject
Global
	GlobalSection(SolutionConfigurationPlatforms) = preSolution
		Debug|Any CPU = Debug|Any CPU
		Release|Any CPU = Release|Any CPU
	EndGlobalSection
	GlobalSection(ProjectConfigurationPlatforms) = postSolution
		{FDD2BDA2-402D-43DB-98C4-7357C6470D16}.Debug|Any CPU.ActiveCfg = Debug|Any CPU
		{FDD2BDA2-402D-43DB-98C4-7357C6470D16}.Debug|Any CPU.Build.0 = Debug|Any CPU
		{FDD2BDA2-402D-43DB-98C4-7357C6470D16}.Release|Any CPU.ActiveCfg = Release|Any CPU
		{FDD2BDA2-402D-43DB-98C4-7357C6470D16}.Release|Any CPU.Build.0 = Release|Any CPU
	EndGlobalSection
	GlobalSection(SolutionProperties) = preSolution
		HideSolutionNode = FALSE
	EndGlobalSection
EndGlobal
