
Microsoft Visual Studio Solution File, Format Version 12.00
# Visual Studio 14
VisualStudioVersion = 14.0.25420.1
MinimumVisualStudioVersion = 10.0.40219.1
Project("{FAE04EC0-301F-11D3-BF4B-00C04F79EFBC}") = "Demo_CSharp_51", "Demo_CSharp_51\Demo_CSharp_51.csproj", "{BCA0E8AD-361E-4B11-B15A-ECE9F416DDD2}"
EndProject
Global
	GlobalSection(SolutionConfigurationPlatforms) = preSolution
		Debug|Any CPU = Debug|Any CPU
		Release|Any CPU = Release|Any CPU
	EndGlobalSection
	GlobalSection(ProjectConfigurationPlatforms) = postSolution
		{BCA0E8AD-361E-4B11-B15A-ECE9F416DDD2}.Debug|Any CPU.ActiveCfg = Debug|Any CPU
		{BCA0E8AD-361E-4B11-B15A-ECE9F416DDD2}.Debug|Any CPU.Build.0 = Debug|Any CPU
		{BCA0E8AD-361E-4B11-B15A-ECE9F416DDD2}.Release|Any CPU.ActiveCfg = Release|Any CPU
		{BCA0E8AD-361E-4B11-B15A-ECE9F416DDD2}.Release|Any CPU.Build.0 = Release|Any CPU
	EndGlobalSection
	GlobalSection(SolutionProperties) = preSolution
		HideSolutionNode = FALSE
	EndGlobalSection
EndGlobal
